// !$*UTF8*$!
{
	archiveVersion = 1;
	classes = {
	};
	objectVersion = 50;
	objects = {

/* Begin PBXBuildFile section */
		99293B08256B326A00DB1516 /* AppDelegate.swift in Sources */ = {isa = PBXBuildFile; fileRef = 99293B07256B326A00DB1516 /* AppDelegate.swift */; };
		99293B0A256B326A00DB1516 /* SceneDelegate.swift in Sources */ = {isa = PBXBuildFile; fileRef = 99293B09256B326A00DB1516 /* SceneDelegate.swift */; };
		99293B0C256B326A00DB1516 /* ViewController.swift in Sources */ = {isa = PBXBuildFile; fileRef = 99293B0B256B326A00DB1516 /* ViewController.swift */; };
		99293B0F256B326A00DB1516 /* Main.storyboard in Resources */ = {isa = PBXBuildFile; fileRef = 99293B0D256B326A00DB1516 /* Main.storyboard */; };
		99293B11256B326F00DB1516 /* Assets.xcassets in Resources */ = {isa = PBXBuildFile; fileRef = 99293B10256B326F00DB1516 /* Assets.xcassets */; };
		99293B14256B326F00DB1516 /* LaunchScreen.storyboard in Resources */ = {isa = PBXBuildFile; fileRef = 99293B12256B326F00DB1516 /* LaunchScreen.storyboard */; };
		99293B1F256B380F00DB1516 /* CheckPermission.swift in Sources */ = {isa = PBXBuildFile; fileRef = 99293B1E256B380F00DB1516 /* CheckPermission.swift */; };
		DC66D4FECE1393109F529C78 /* Pods_Kurabear.framework in Frameworks */ = {isa = PBXBuildFile; fileRef = CD9F3AEA6DF39108BD94CBBA /* Pods_Kurabear.framework */; };
/* End PBXBuildFile section */

/* Begin PBXFileReference section */
		6F0C5E0F742159462C5E3461 /* Pods-Kurabear.debug.xcconfig */ = {isa = PBXFileReference; includeInIndex = 1; lastKnownFileType = text.xcconfig; name = "Pods-Kurabear.debug.xcconfig"; path = "Target Support Files/Pods-Kurabear/Pods-Kurabear.debug.xcconfig"; sourceTree = "<group>"; };
		99293B04256B326A00DB1516 /* Kurabear.app */ = {isa = PBXFileReference; explicitFileType = wrapper.application; includeInIndex = 0; path = Kurabear.app; sourceTree = BUILT_PRODUCTS_DIR; };
		99293B07256B326A00DB1516 /* AppDelegate.swift */ = {isa = PBXFileReference; lastKnownFileType = sourcecode.swift; path = AppDelegate.swift; sourceTree = "<group>"; };
		99293B09256B326A00DB1516 /* SceneDelegate.swift */ = {isa = PBXFileReference; lastKnownFileType = sourcecode.swift; path = SceneDelegate.swift; sourceTree = "<group>"; };
		99293B0B256B326A00DB1516 /* ViewController.swift */ = {isa = PBXFileReference; lastKnownFileType = sourcecode.swift; path = ViewController.swift; sourceTree = "<group>"; };
		99293B0E256B326A00DB1516 /* Base */ = {isa = PBXFileReference; lastKnownFileType = file.storyboard; name = Base; path = Base.lproj/Main.storyboard; sourceTree = "<group>"; };
		99293B10256B326F00DB1516 /* Assets.xcassets */ = {isa = PBXFileReference; lastKnownFileType = folder.assetcatalog; path = Assets.xcassets; sourceTree = "<group>"; };
		99293B13256B326F00DB1516 /* Base */ = {isa = PBXFileReference; lastKnownFileType = file.storyboard; name = Base; path = Base.lproj/LaunchScreen.storyboard; sourceTree = "<group>"; };
		99293B15256B326F00DB1516 /* Info.plist */ = {isa = PBXFileReference; lastKnownFileType = text.plist.xml; path = Info.plist; sourceTree = "<group>"; };
		99293B1E256B380F00DB1516 /* CheckPermission.swift */ = {isa = PBXFileReference; lastKnownFileType = sourcecode.swift; path = CheckPermission.swift; sourceTree = "<group>"; };
		AC6C2E9407E9250874E24DA4 /* Pods-Kurabear.release.xcconfig */ = {isa = PBXFileReference; includeInIndex = 1; lastKnownFileType = text.xcconfig; name = "Pods-Kurabear.release.xcconfig"; path = "Target Support Files/Pods-Kurabear/Pods-Kurabear.release.xcconfig"; sourceTree = "<group>"; };
		CD9F3AEA6DF39108BD94CBBA /* Pods_Kurabear.framework */ = {isa = PBXFileReference; explicitFileType = wrapper.framework; includeInIndex = 0; path = Pods_Kurabear.framework; sourceTree = BUILT_PRODUCTS_DIR; };
/* End PBXFileReference section */

/* Begin PBXFrameworksBuildPhase section */
		99293B01256B326A00DB1516 /* Frameworks */ = {
			isa = PBXFrameworksBuildPhase;
			buildActionMask = 2147483647;
			files = (
				DC66D4FECE1393109F529C78 /* Pods_Kurabear.framework in Frameworks */,
			);
			runOnlyForDeploymentPostprocessing = 0;
		};
/* End PBXFrameworksBuildPhase section */

/* Begin PBXGroup section */
		99293AFB256B326900DB1516 = {
			isa = PBXGroup;
			children = (
				99293B06256B326A00DB1516 /* Kurabear */,
				99293B05256B326A00DB1516 /* Products */,
				CDA34394A6956891723EEB45 /* Pods */,
				E5D27DBC21D717243D861D95 /* Frameworks */,
			);
			sourceTree = "<group>";
		};
		99293B05256B326A00DB1516 /* Products */ = {
			isa = PBXGroup;
			children = (
				99293B04256B326A00DB1516 /* Kurabear.app */,
			);
			name = Products;
			sourceTree = "<group>";
		};
		99293B06256B326A00DB1516 /* Kurabear */ = {
			isa = PBXGroup;
			children = (
				99293B07256B326A00DB1516 /* AppDelegate.swift */,
				99293B09256B326A00DB1516 /* SceneDelegate.swift */,
				99293B0B256B326A00DB1516 /* ViewController.swift */,
				99293B1E256B380F00DB1516 /* CheckPermission.swift */,
				99293B0D256B326A00DB1516 /* Main.storyboard */,
				99293B10256B326F00DB1516 /* Assets.xcassets */,
				99293B12256B326F00DB1516 /* LaunchScreen.storyboard */,
				99293B15256B326F00DB1516 /* Info.plist */,
			);
			path = Kurabear;
			sourceTree = "<group>";
		};
		CDA34394A6956891723EEB45 /* Pods */ = {
			isa = PBXGroup;
			children = (
				6F0C5E0F742159462C5E3461 /* Pods-Kurabear.debug.xcconfig */,
				AC6C2E9407E9250874E24DA4 /* Pods-Kurabear.release.xcconfig */,
			);
			name = Pods;
			path = Pods;
			sourceTree = "<group>";
		};
		E5D27DBC21D717243D861D95 /* Frameworks */ = {
			isa = PBXGroup;
			children = (
				CD9F3AEA6DF39108BD94CBBA /* Pods_Kurabear.framework */,
			);
			name = Frameworks;
			sourceTree = "<group>";
		};
/* End PBXGroup section */

/* Begin PBXNativeTarget section */
		99293B03256B326A00DB1516 /* Kurabear */ = {
			isa = PBXNativeTarget;
			buildConfigurationList = 99293B18256B326F00DB1516 /* Build configuration list for PBXNativeTarget "Kurabear" */;
			buildPhases = (
				0781DEACE69DE4ECE2B9E0CE /* [CP] Check Pods Manifest.lock */,
				99293B00256B326A00DB1516 /* Sources */,
				99293B01256B326A00DB1516 /* Frameworks */,
				99293B02256B326A00DB1516 /* Resources */,
				FA51A3C977294DE2482AC88E /* [CP] Embed Pods Frameworks */,
			);
			buildRules = (
			);
			dependencies = (
			);
			name = Kurabear;
			productName = Kurabear;
			productReference = 99293B04256B326A00DB1516 /* Kurabear.app */;
			productType = "com.apple.product-type.application";
		};
/* End PBXNativeTarget section */

/* Begin PBXProject section */
		99293AFC256B326900DB1516 /* Project object */ = {
			isa = PBXProject;
			attributes = {
				LastSwiftUpdateCheck = 1220;
				LastUpgradeCheck = 1220;
				TargetAttributes = {
					99293B03256B326A00DB1516 = {
						CreatedOnToolsVersion = 12.2;
					};
				};
			};
			buildConfigurationList = 99293AFF256B326900DB1516 /* Build configuration list for PBXProject "Kurabear" */;
			compatibilityVersion = "Xcode 9.3";
			developmentRegion = en;
			hasScannedForEncodings = 0;
			knownRegions = (
				en,
				Base,
			);
			mainGroup = 99293AFB256B326900DB1516;
			productRefGroup = 99293B05256B326A00DB1516 /* Products */;
			projectDirPath = "";
			projectRoot = "";
			targets = (
				99293B03256B326A00DB1516 /* Kurabear */,
			);
		};
/* End PBXProject section */

/* Begin PBXResourcesBuildPhase section */
		99293B02256B326A00DB1516 /* Resources */ = {
			isa = PBXResourcesBuildPhase;
			buildActionMask = 2147483647;
			files = (
				99293B14256B326F00DB1516 /* LaunchScreen.storyboard in Resources */,
				99293B11256B326F00DB1516 /* Assets.xcassets in Resources */,
				99293B0F256B326A00DB1516 /* Main.storyboard in Resources */,
			);
			runOnlyForDeploymentPostprocessing = 0;
		};
/* End PBXResourcesBuildPhase section */

/* Begin PBXShellScriptBuildPhase section */
		0781DEACE69DE4ECE2B9E0CE /* [CP] Check Pods Manifest.lock */ = {
			isa = PBXShellScriptBuildPhase;
			buildActionMask = 2147483647;
			files = (
			);
			inputFileListPaths = (
			);
			inputPaths = (
				"${PODS_PODFILE_DIR_PATH}/Podfile.lock",
				"${PODS_ROOT}/Manifest.lock",
			);
			name = "[CP] Check Pods Manifest.lock";
			outputFileListPaths = (
			);
			outputPaths = (
				"$(DERIVED_FILE_DIR)/Pods-Kurabear-checkManifestLockResult.txt",
			);
			runOnlyForDeploymentPostprocessing = 0;
			shellPath = /bin/sh;
			shellScript = "diff \"${PODS_PODFILE_DIR_PATH}/Podfile.lock\" \"${PODS_ROOT}/Manifest.lock\" > /dev/null\nif [ $? != 0 ] ; then\n    # print error to STDERR\n    echo \"error: The sandbox is not in sync with the Podfile.lock. Run 'pod install' or update your CocoaPods installation.\" >&2\n    exit 1\nfi\n# This output is used by Xcode 'outputs' to avoid re-running this script phase.\necho \"SUCCESS\" > \"${SCRIPT_OUTPUT_FILE_0}\"\n";
			showEnvVarsInLog = 0;
		};
		FA51A3C977294DE2482AC88E /* [CP] Embed Pods Frameworks */ = {
			isa = PBXShellScriptBuildPhase;
			buildActionMask = 2147483647;
			files = (
			);
			inputFileListPaths = (
				"${PODS_ROOT}/Target Support Files/Pods-Kurabear/Pods-Kurabear-frameworks-${CONFIGURATION}-input-files.xcfilelist",
			);
			name = "[CP] Embed Pods Frameworks";
			outputFileListPaths = (
				"${PODS_ROOT}/Target Support Files/Pods-Kurabear/Pods-Kurabear-frameworks-${CONFIGURATION}-output-files.xcfilelist",
			);
			runOnlyForDeploymentPostprocessing = 0;
			shellPath = /bin/sh;
			shellScript = "\"${PODS_ROOT}/Target Support Files/Pods-Kurabear/Pods-Kurabear-frameworks.sh\"\n";
			showEnvVarsInLog = 0;
		};
/* End PBXShellScriptBuildPhase section */

/* Begin PBXSourcesBuildPhase section */
		99293B00256B326A00DB1516 /* Sources */ = {
			isa = PBXSourcesBuildPhase;
			buildActionMask = 2147483647;
			files = (
				99293B0C256B326A00DB1516 /* ViewController.swift in Sources */,
				99293B08256B326A00DB1516 /* AppDelegate.swift in Sources */,
				99293B0A256B326A00DB1516 /* SceneDelegate.swift in Sources */,
				99293B1F256B380F00DB1516 /* CheckPermission.swift in Sources */,
			);
			runOnlyForDeploymentPostprocessing = 0;
		};
/* End PBXSourcesBuildPhase section */

/* Begin PBXVariantGroup section */
		99293B0D256B326A00DB1516 /* Main.storyboard */ = {
			isa = PBXVariantGroup;
			children = (
				99293B0E256B326A00DB1516 /* Base */,
			);
			name = Main.storyboard;
			sourceTree = "<group>";
		};
		99293B12256B326F00DB1516 /* LaunchScreen.storyboard */ = {
			isa = PBXVariantGroup;
			children = (
				99293B13256B326F00DB1516 /* Base */,
			);
			name = LaunchScreen.storyboard;
			sourceTree = "<group>";
		};
/* End PBXVariantGroup section */

/* Begin XCBuildConfiguration section */
		99293B16256B326F00DB1516 /* Debug */ = {
			isa = XCBuildConfiguration;
			buildSettings = {
				ALWAYS_SEARCH_USER_PATHS = NO;
				CLANG_ANALYZER_NONNULL = YES;
				CLANG_ANALYZER_NUMBER_OBJECT_CONVERSION = YES_AGGRESSIVE;
				CLANG_CXX_LANGUAGE_STANDARD = "gnu++14";
				CLANG_CXX_LIBRARY = "libc++";
				CLANG_ENABLE_MODULES = YES;
				CLANG_ENABLE_OBJC_ARC = YES;
				CLANG_ENABLE_OBJC_WEAK = YES;
				CLANG_WARN_BLOCK_CAPTURE_AUTORELEASING = YES;
				CLANG_WARN_BOOL_CONVERSION = YES;
				CLANG_WARN_COMMA = YES;
				CLANG_WARN_CONSTANT_CONVERSION = YES;
				CLANG_WARN_DEPRECATED_OBJC_IMPLEMENTATIONS = YES;
				CLANG_WARN_DIRECT_OBJC_ISA_USAGE = YES_ERROR;
				CLANG_WARN_DOCUMENTATION_COMMENTS = YES;
				CLANG_WARN_EMPTY_BODY = YES;
				CLANG_WARN_ENUM_CONVERSION = YES;
				CLANG_WARN_INFINITE_RECURSION = YES;
				CLANG_WARN_INT_CONVERSION = YES;
				CLANG_WARN_NON_LITERAL_NULL_CONVERSION = YES;
				CLANG_WARN_OBJC_IMPLICIT_RETAIN_SELF = YES;
				CLANG_WARN_OBJC_LITERAL_CONVERSION = YES;
				CLANG_WARN_OBJC_ROOT_CLASS = YES_ERROR;
				CLANG_WARN_QUOTED_INCLUDE_IN_FRAMEWORK_HEADER = YES;
				CLANG_WARN_RANGE_LOOP_ANALYSIS = YES;
				CLANG_WARN_STRICT_PROTOTYPES = YES;
				CLANG_WARN_SUSPICIOUS_MOVE = YES;
				CLANG_WARN_UNGUARDED_AVAILABILITY = YES_AGGRESSIVE;
				CLANG_WARN_UNREACHABLE_CODE = YES;
				CLANG_WARN__DUPLICATE_METHOD_MATCH = YES;
				COPY_PHASE_STRIP = NO;
				DEBUG_INFORMATION_FORMAT = dwarf;
				ENABLE_STRICT_OBJC_MSGSEND = YES;
				ENABLE_TESTABILITY = YES;
				GCC_C_LANGUAGE_STANDARD = gnu11;
				GCC_DYNAMIC_NO_PIC = NO;
				GCC_NO_COMMON_BLOCKS = YES;
				GCC_OPTIMIZATION_LEVEL = 0;
				GCC_PREPROCESSOR_DEFINITIONS = (
					"DEBUG=1",
					"$(inherited)",
				);
				GCC_WARN_64_TO_32_BIT_CONVERSION = YES;
				GCC_WARN_ABOUT_RETURN_TYPE = YES_ERROR;
				GCC_WARN_UNDECLARED_SELECTOR = YES;
				GCC_WARN_UNINITIALIZED_AUTOS = YES_AGGRESSIVE;
				GCC_WARN_UNUSED_FUNCTION = YES;
				GCC_WARN_UNUSED_VARIABLE = YES;
				IPHONEOS_DEPLOYMENT_TARGET = 14.2;
				MTL_ENABLE_DEBUG_INFO = INCLUDE_SOURCE;
				MTL_FAST_MATH = YES;
				ONLY_ACTIVE_ARCH = YES;
				SDKROOT = iphoneos;
				SWIFT_ACTIVE_COMPILATION_CONDITIONS = DEBUG;
				SWIFT_OPTIMIZATION_LEVEL = "-Onone";
			};
			name = Debug;
		};
		99293B17256B326F00DB1516 /* Release */ = {
			isa = XCBuildConfiguration;
			buildSettings = {
				ALWAYS_SEARCH_USER_PATHS = NO;
				CLANG_ANALYZER_NONNULL = YES;
				CLANG_ANALYZER_NUMBER_OBJECT_CONVERSION = YES_AGGRESSIVE;
				CLANG_CXX_LANGUAGE_STANDARD = "gnu++14";
				CLANG_CXX_LIBRARY = "libc++";
				CLANG_ENABLE_MODULES = YES;
				CLANG_ENABLE_OBJC_ARC = YES;
				CLANG_ENABLE_OBJC_WEAK = YES;
				CLANG_WARN_BLOCK_CAPTURE_AUTORELEASING = YES;
				CLANG_WARN_BOOL_CONVERSION = YES;
				CLANG_WARN_COMMA = YES;
				CLANG_WARN_CONSTANT_CONVERSION = YES;
				CLANG_WARN_DEPRECATED_OBJC_IMPLEMENTATIONS = YES;
				CLANG_WARN_DIRECT_OBJC_ISA_USAGE = YES_ERROR;
				CLANG_WARN_DOCUMENTATION_COMMENTS = YES;
				CLANG_WARN_EMPTY_BODY = YES;
				CLANG_WARN_ENUM_CONVERSION = YES;
				CLANG_WARN_INFINITE_RECURSION = YES;
				CLANG_WARN_INT_CONVERSION = YES;
				CLANG_WARN_NON_LITERAL_NULL_CONVERSION = YES;
				CLANG_WARN_OBJC_IMPLICIT_RETAIN_SELF = YES;
				CLANG_WARN_OBJC_LITERAL_CONVERSION = YES;
				CLANG_WARN_OBJC_ROOT_CLASS = YES_ERROR;
				CLANG_WARN_QUOTED_INCLUDE_IN_FRAMEWORK_HEADER = YES;
				CLANG_WARN_RANGE_LOOP_ANALYSIS = YES;
				CLANG_WARN_STRICT_PROTOTYPES = YES;
				CLANG_WARN_SUSPICIOUS_MOVE = YES;
				CLANG_WARN_UNGUARDED_AVAILABILITY = YES_AGGRESSIVE;
				CLANG_WARN_UNREACHABLE_CODE = YES;
				CLANG_WARN__DUPLICATE_METHOD_MATCH = YES;
				COPY_PHASE_STRIP = NO;
				DEBUG_INFORMATION_FORMAT = "dwarf-with-dsym";
				ENABLE_NS_ASSERTIONS = NO;
				ENABLE_STRICT_OBJC_MSGSEND = YES;
				GCC_C_LANGUAGE_STANDARD = gnu11;
				GCC_NO_COMMON_BLOCKS = YES;
				GCC_WARN_64_TO_32_BIT_CONVERSION = YES;
				GCC_WARN_ABOUT_RETURN_TYPE = YES_ERROR;
				GCC_WARN_UNDECLARED_SELECTOR = YES;
				GCC_WARN_UNINITIALIZED_AUTOS = YES_AGGRESSIVE;
				GCC_WARN_UNUSED_FUNCTION = YES;
				GCC_WARN_UNUSED_VARIABLE = YES;
				IPHONEOS_DEPLOYMENT_TARGET = 14.2;
				MTL_ENABLE_DEBUG_INFO = NO;
				MTL_FAST_MATH = YES;
				SDKROOT = iphoneos;
				SWIFT_COMPILATION_MODE = wholemodule;
				SWIFT_OPTIMIZATION_LEVEL = "-O";
				VALIDATE_PRODUCT = YES;
			};
			name = Release;
		};
		99293B19256B326F00DB1516 /* Debug */ = {
			isa = XCBuildConfiguration;
			baseConfigurationReference = 6F0C5E0F742159462C5E3461 /* Pods-Kurabear.debug.xcconfig */;
			buildSettings = {
				ASSETCATALOG_COMPILER_APPICON_NAME = AppIcon;
				ASSETCATALOG_COMPILER_GLOBAL_ACCENT_COLOR_NAME = AccentColor;
				CODE_SIGN_STYLE = Automatic;
				INFOPLIST_FILE = Kurabear/Info.plist;
				LD_RUNPATH_SEARCH_PATHS = (
					"$(inherited)",
					"@executable_path/Frameworks",
				);
				PRODUCT_BUNDLE_IDENTIFIER = Aya.Kurabear;
				PRODUCT_NAME = "$(TARGET_NAME)";
				SWIFT_VERSION = 5.0;
				TARGETED_DEVICE_FAMILY = 1;
			};
			name = Debug;
		};
		99293B1A256B326F00DB1516 /* Release */ = {
			isa = XCBuildConfiguration;
			baseConfigurationReference = AC6C2E9407E9250874E24DA4 /* Pods-Kurabear.release.xcconfig */;
			buildSettings = {
				ASSETCATALOG_COMPILER_APPICON_NAME = AppIcon;
				ASSETCATALOG_COMPILER_GLOBAL_ACCENT_COLOR_NAME = AccentColor;
				CODE_SIGN_STYLE = Automatic;
				INFOPLIST_FILE = Kurabear/Info.plist;
				LD_RUNPATH_SEARCH_PATHS = (
					"$(inherited)",
					"@executable_path/Frameworks",
				);
				PRODUCT_BUNDLE_IDENTIFIER = Aya.Kurabear;
				PRODUCT_NAME = "$(TARGET_NAME)";
				SWIFT_VERSION = 5.0;
				TARGETED_DEVICE_FAMILY = 1;
			};
			name = Release;
		};
/* End XCBuildConfiguration section */

/* Begin XCConfigurationList section */
		99293AFF256B326900DB1516 /* Build configuration list for PBXProject "Kurabear" */ = {
			isa = XCConfigurationList;
			buildConfigurations = (
				99293B16256B326F00DB1516 /* Debug */,
				99293B17256B326F00DB1516 /* Release */,
			);
			defaultConfigurationIsVisible = 0;
			defaultConfigurationName = Release;
		};
		99293B18256B326F00DB1516 /* Build configuration list for PBXNativeTarget "Kurabear" */ = {
			isa = XCConfigurationList;
			buildConfigurations = (
				99293B19256B326F00DB1516 /* Debug */,
				99293B1A256B326F00DB1516 /* Release */,
			);
			defaultConfigurationIsVisible = 0;
			defaultConfigurationName = Release;
		};
/* End XCConfigurationList section */
	};
	rootObject = 99293AFC256B326900DB1516 /* Project object */;
}
